{
  "name": "microstable",
  "version": "1.0.0",
  "lockfileVersion": 3,
  "requires": true,
  "packages": {
    "": {
      "name": "microstable",
      "version": "1.0.0",
      "license": "ISC",
      "dependencies": {
        "solady": "^0.1.9"
      }
    },
    "node_modules/solady": {
      "version": "0.1.9",
      "resolved": "https://registry.npmjs.org/solady/-/solady-0.1.9.tgz",
      "integrity": "sha512-zaj68TfBM7ewkfQ3UOEcX//yBQE7e8uNIdLmBYYrlsTcyCWt0bkZMOl3+0ozLCviuqg690VhzTsTGePAV/4Jig==",
      "license": "MIT"
    }
  }
}
